
Microsoft Visual Studio Solution File, Format Version 12.00
# Visual Studio Version 17
VisualStudioVersion = 17.3.32929.385
MinimumVisualStudioVersion = 10.0.40219.1
Project("{FAE04EC0-301F-11D3-BF4B-00C04F79EFBC}") = "TradingTrainer", "TradingTrainer\TradingTrainer.csproj", "{847A1DCA-CA06-4A18-89BC-81964A752BB5}"
EndProject
Global
	GlobalSection(SolutionConfigurationPlatforms) = preSolution
		Debug|Any CPU = Debug|Any CPU
		Release|Any CPU = Release|Any CPU
	EndGlobalSection
	GlobalSection(ProjectConfigurationPlatforms) = postSolution
		{847A1DCA-CA06-4A18-89BC-81964A752BB5}.Debug|Any CPU.ActiveCfg = Debug|Any CPU
		{847A1DCA-CA06-4A18-89BC-81964A752BB5}.Debug|Any CPU.Build.0 = Debug|Any CPU
		{847A1DCA-CA06-4A18-89BC-81964A752BB5}.Release|Any CPU.ActiveCfg = Release|Any CPU
		{847A1DCA-CA06-4A18-89BC-81964A752BB5}.Release|Any CPU.Build.0 = Release|Any CPU
	EndGlobalSection
	GlobalSection(SolutionProperties) = preSolution
		HideSolutionNode = FALSE
	EndGlobalSection
	GlobalSection(ExtensibilityGlobals) = postSolution
		SolutionGuid = {B18BED02-FB4B-4713-85F0-3DB5B2E1B930}
	EndGlobalSection
EndGlobal
